
Microsoft Visual Studio Solution File, Format Version 12.00
# Visual Studio Version 17
VisualStudioVersion = 17.5.002.0
MinimumVisualStudioVersion = 10.0.40219.1
Project("{9A19103F-16F7-4668-BE54-9A1E7A4F7556}") = "OrganizeApi", "OrganizeApi.csproj", "{61749E14-7213-4C1F-A483-602A433026AA}"
EndProject
Global
	GlobalSection(SolutionConfigurationPlatforms) = preSolution
		Debug|Any CPU = Debug|Any CPU
		Release|Any CPU = Release|Any CPU
	EndGlobalSection
	GlobalSection(ProjectConfigurationPlatforms) = postSolution
		{61749E14-7213-4C1F-A483-602A433026AA}.Debug|Any CPU.ActiveCfg = Debug|Any CPU
		{61749E14-7213-4C1F-A483-602A433026AA}.Debug|Any CPU.Build.0 = Debug|Any CPU
		{61749E14-7213-4C1F-A483-602A433026AA}.Release|Any CPU.ActiveCfg = Release|Any CPU
		{61749E14-7213-4C1F-A483-602A433026AA}.Release|Any CPU.Build.0 = Release|Any CPU
	EndGlobalSection
	GlobalSection(SolutionProperties) = preSolution
		HideSolutionNode = FALSE
	EndGlobalSection
	GlobalSection(ExtensibilityGlobals) = postSolution
		SolutionGuid = {AE693050-27B0-43FF-B3BB-D4741F1EC083}
	EndGlobalSection
EndGlobal
